
Microsoft Visual Studio Solution File, Format Version 12.00
# Visual Studio Version 17
VisualStudioVersion = 17.1.32407.343
MinimumVisualStudioVersion = 10.0.40219.1
Project("{F184B08F-C81C-45F6-A57F-5ABD9991F28F}") = "GadecCAD_NG", "GadecCAD_NG\GadecCAD_NG.vbproj", "{DFDA6CA3-2DC3-45CD-A761-7B01FFE14114}"
EndProject
Project("{FAE04EC0-301F-11D3-BF4B-00C04F79EFBC}") = "GadecCAD.Application", "GadecCAD.Application\GadecCAD.Application.csproj", "{C252D6CF-1977-454A-8C31-F75F3A4131E2}"
EndProject
Project("{FAE04EC0-301F-11D3-BF4B-00C04F79EFBC}") = "Gadec.Common", "Gadec.Common\Gadec.Common.csproj", "{4FF1B768-0573-44AA-BE95-75491DF1FCD7}"
EndProject
Project("{FAE04EC0-301F-11D3-BF4B-00C04F79EFBC}") = "Gadec.Common.Tests", "Gadec.Common.Tests\Gadec.Common.Tests.csproj", "{8D58E781-5E92-45CF-AA36-F17F5903CFE9}"
EndProject
Project("{2150E333-8FDC-42A3-9474-1A3956D46DE8}") = "Tests", "Tests", "{9C2180ED-709A-4374-87CB-A83D26EE4650}"
EndProject
Global
	GlobalSection(SolutionConfigurationPlatforms) = preSolution
		Debug|Any CPU = Debug|Any CPU
		Debug|Mixed Platforms = Debug|Mixed Platforms
		Debug|x64 = Debug|x64
		Release|Any CPU = Release|Any CPU
		Release|Mixed Platforms = Release|Mixed Platforms
		Release|x64 = Release|x64
	EndGlobalSection
	GlobalSection(ProjectConfigurationPlatforms) = postSolution
		{DFDA6CA3-2DC3-45CD-A761-7B01FFE14114}.Debug|Any CPU.ActiveCfg = Debug|Any CPU
		{DFDA6CA3-2DC3-45CD-A761-7B01FFE14114}.Debug|Any CPU.Build.0 = Debug|Any CPU
		{DFDA6CA3-2DC3-45CD-A761-7B01FFE14114}.Debug|Mixed Platforms.ActiveCfg = Debug|Any CPU
		{DFDA6CA3-2DC3-45CD-A761-7B01FFE14114}.Debug|Mixed Platforms.Build.0 = Debug|Any CPU
		{DFDA6CA3-2DC3-45CD-A761-7B01FFE14114}.Debug|x64.ActiveCfg = Debug|Any CPU
		{DFDA6CA3-2DC3-45CD-A761-7B01FFE14114}.Debug|x64.Build.0 = Debug|Any CPU
		{DFDA6CA3-2DC3-45CD-A761-7B01FFE14114}.Release|Any CPU.ActiveCfg = Release|Any CPU
		{DFDA6CA3-2DC3-45CD-A761-7B01FFE14114}.Release|Any CPU.Build.0 = Release|Any CPU
		{DFDA6CA3-2DC3-45CD-A761-7B01FFE14114}.Release|Mixed Platforms.ActiveCfg = Release|Any CPU
		{DFDA6CA3-2DC3-45CD-A761-7B01FFE14114}.Release|Mixed Platforms.Build.0 = Release|Any CPU
		{DFDA6CA3-2DC3-45CD-A761-7B01FFE14114}.Release|x64.ActiveCfg = Release|Any CPU
		{DFDA6CA3-2DC3-45CD-A761-7B01FFE14114}.Release|x64.Build.0 = Release|Any CPU
		{C252D6CF-1977-454A-8C31-F75F3A4131E2}.Debug|Any CPU.ActiveCfg = Debug|Any CPU
		{C252D6CF-1977-454A-8C31-F75F3A4131E2}.Debug|Any CPU.Build.0 = Debug|Any CPU
		{C252D6CF-1977-454A-8C31-F75F3A4131E2}.Debug|Mixed Platforms.ActiveCfg = Debug|Any CPU
		{C252D6CF-1977-454A-8C31-F75F3A4131E2}.Debug|Mixed Platforms.Build.0 = Debug|Any CPU
		{C252D6CF-1977-454A-8C31-F75F3A4131E2}.Debug|x64.ActiveCfg = Debug|Any CPU
		{C252D6CF-1977-454A-8C31-F75F3A4131E2}.Debug|x64.Build.0 = Debug|Any CPU
		{C252D6CF-1977-454A-8C31-F75F3A4131E2}.Release|Any CPU.ActiveCfg = Release|Any CPU
		{C252D6CF-1977-454A-8C31-F75F3A4131E2}.Release|Any CPU.Build.0 = Release|Any CPU
		{C252D6CF-1977-454A-8C31-F75F3A4131E2}.Release|Mixed Platforms.ActiveCfg = Release|Any CPU
		{C252D6CF-1977-454A-8C31-F75F3A4131E2}.Release|Mixed Platforms.Build.0 = Release|Any CPU
		{C252D6CF-1977-454A-8C31-F75F3A4131E2}.Release|x64.ActiveCfg = Release|Any CPU
		{C252D6CF-1977-454A-8C31-F75F3A4131E2}.Release|x64.Build.0 = Release|Any CPU
		{4FF1B768-0573-44AA-BE95-75491DF1FCD7}.Debug|Any CPU.ActiveCfg = Debug|Any CPU
		{4FF1B768-0573-44AA-BE95-75491DF1FCD7}.Debug|Any CPU.Build.0 = Debug|Any CPU
		{4FF1B768-0573-44AA-BE95-75491DF1FCD7}.Debug|Mixed Platforms.ActiveCfg = Debug|Any CPU
		{4FF1B768-0573-44AA-BE95-75491DF1FCD7}.Debug|Mixed Platforms.Build.0 = Debug|Any CPU
		{4FF1B768-0573-44AA-BE95-75491DF1FCD7}.Debug|x64.ActiveCfg = Debug|Any CPU
		{4FF1B768-0573-44AA-BE95-75491DF1FCD7}.Debug|x64.Build.0 = Debug|Any CPU
		{4FF1B768-0573-44AA-BE95-75491DF1FCD7}.Release|Any CPU.ActiveCfg = Release|Any CPU
		{4FF1B768-0573-44AA-BE95-75491DF1FCD7}.Release|Any CPU.Build.0 = Release|Any CPU
		{4FF1B768-0573-44AA-BE95-75491DF1FCD7}.Release|Mixed Platforms.ActiveCfg = Release|Any CPU
		{4FF1B768-0573-44AA-BE95-75491DF1FCD7}.Release|Mixed Platforms.Build.0 = Release|Any CPU
		{4FF1B768-0573-44AA-BE95-75491DF1FCD7}.Release|x64.ActiveCfg = Release|Any CPU
		{4FF1B768-0573-44AA-BE95-75491DF1FCD7}.Release|x64.Build.0 = Release|Any CPU
		{8D58E781-5E92-45CF-AA36-F17F5903CFE9}.Debug|Any CPU.ActiveCfg = Debug|Any CPU
		{8D58E781-5E92-45CF-AA36-F17F5903CFE9}.Debug|Any CPU.Build.0 = Debug|Any CPU
		{8D58E781-5E92-45CF-AA36-F17F5903CFE9}.Debug|Mixed Platforms.ActiveCfg = Debug|Any CPU
		{8D58E781-5E92-45CF-AA36-F17F5903CFE9}.Debug|Mixed Platforms.Build.0 = Debug|Any CPU
		{8D58E781-5E92-45CF-AA36-F17F5903CFE9}.Debug|x64.ActiveCfg = Debug|Any CPU
		{8D58E781-5E92-45CF-AA36-F17F5903CFE9}.Debug|x64.Build.0 = Debug|Any CPU
		{8D58E781-5E92-45CF-AA36-F17F5903CFE9}.Release|Any CPU.ActiveCfg = Release|Any CPU
		{8D58E781-5E92-45CF-AA36-F17F5903CFE9}.Release|Any CPU.Build.0 = Release|Any CPU
		{8D58E781-5E92-45CF-AA36-F17F5903CFE9}.Release|Mixed Platforms.ActiveCfg = Release|Any CPU
		{8D58E781-5E92-45CF-AA36-F17F5903CFE9}.Release|Mixed Platforms.Build.0 = Release|Any CPU
		{8D58E781-5E92-45CF-AA36-F17F5903CFE9}.Release|x64.ActiveCfg = Release|Any CPU
		{8D58E781-5E92-45CF-AA36-F17F5903CFE9}.Release|x64.Build.0 = Release|Any CPU
	EndGlobalSection
	GlobalSection(SolutionProperties) = preSolution
		HideSolutionNode = FALSE
	EndGlobalSection
	GlobalSection(NestedProjects) = preSolution
		{8D58E781-5E92-45CF-AA36-F17F5903CFE9} = {9C2180ED-709A-4374-87CB-A83D26EE4650}
	EndGlobalSection
	GlobalSection(ExtensibilityGlobals) = postSolution
		SolutionGuid = {25F2A9B5-B1C0-440C-B2AE-86A3F9C4C0C2}
	EndGlobalSection
EndGlobal
